
Microsoft Visual Studio Solution File, Format Version 12.00
# Visual Studio Version 17
VisualStudioVersion = 17.2.32616.157
MinimumVisualStudioVersion = 10.0.40219.1
Project("{FAE04EC0-301F-11D3-BF4B-00C04F79EFBC}") = "ObjectPool", "ObjectPool\ObjectPool.csproj", "{7B53486F-6E3B-40CA-BD66-0359D829A785}"
EndProject
Global
	GlobalSection(SolutionConfigurationPlatforms) = preSolution
		Debug|Any CPU = Debug|Any CPU
		Release|Any CPU = Release|Any CPU
	EndGlobalSection
	GlobalSection(ProjectConfigurationPlatforms) = postSolution
		{7B53486F-6E3B-40CA-BD66-0359D829A785}.Debug|Any CPU.ActiveCfg = Debug|Any CPU
		{7B53486F-6E3B-40CA-BD66-0359D829A785}.Debug|Any CPU.Build.0 = Debug|Any CPU
		{7B53486F-6E3B-40CA-BD66-0359D829A785}.Release|Any CPU.ActiveCfg = Release|Any CPU
		{7B53486F-6E3B-40CA-BD66-0359D829A785}.Release|Any CPU.Build.0 = Release|Any CPU
	EndGlobalSection
	GlobalSection(SolutionProperties) = preSolution
		HideSolutionNode = FALSE
	EndGlobalSection
	GlobalSection(ExtensibilityGlobals) = postSolution
		SolutionGuid = {4D2EA1A1-1897-4254-AA0B-DA9771B510D1}
	EndGlobalSection
EndGlobal
